{
  "name": "dose-assist",
  "version": "0.1.0",
  "lockfileVersion": 3,
  "requires": true,
  "packages": {
    "": {
      "name": "dose-assist",
      "version": "0.1.0",
      "devDependencies": {
        "fake-indexeddb": "^6.0.0",
        "fast-check": "^4.0.0",
        "typescript": "^5.9.0"
      }
    },
    "node_modules/fake-indexeddb": {
      "version": "6.2.5",
      "resolved": "https://registry.npmjs.org/fake-indexeddb/-/fake-indexeddb-6.2.5.tgz",
      "integrity": "sha512-CGnyrvbhPlWYMngksqrSSUT1BAVP49dZocrHuK0SvtR0D5TMs5wP0o3j7jexDJW01KSadjBp1M/71o/KR3nD1w==",
      "dev": true,
      "license": "Apache-2.0",
      "engines": {
        "node": ">=18"
      }
    },
    "node_modules/fast-check": {
      "version": "4.10.2",
      "resolved": "https://registry.npmjs.org/fast-check/-/fast-check-4.10.2.tgz",
      "integrity": "sha512-iK2f+YrcmoeGqk6fA0ea2bptcu/itMIm4NfEozq6N25+aG6h7s5HZbB/k1aV7b5w5sFLMCbbtRUsTVR+BgC3xw==",
      "dev": true,
      "funding": [
        {
          "type": "individual",
          "url": "https://github.com/sponsors/dubzzz"
        },
        {
          "type": "opencollective",
          "url": "https://opencollective.com/fast-check"
        }
      ],
      "license": "MIT",
      "dependencies": {
        "pure-rand": "^8.0.0"
      },
      "engines": {
        "node": ">=12.17.0"
      }
    },
    "node_modules/pure-rand": {
      "version": "8.4.2",
      "resolved": "https://registry.npmjs.org/pure-rand/-/pure-rand-8.4.2.tgz",
      "integrity": "sha512-vvuOGgcuPJAirlHvuQw1TrOiw7ptaIXXmIbNuiNOY6lNGJJH49PQ1Kj4nd783nPdQhQdicgOjVI2yI/9BD6/Ng==",
      "dev": true,
      "funding": [
        {
          "type": "individual",
          "url": "https://github.com/sponsors/dubzzz"
        },
        {
          "type": "opencollective",
          "url": "https://opencollective.com/fast-check"
        }
      ],
      "license": "MIT"
    },
    "node_modules/typescript": {
      "version": "5.9.3",
      "resolved": "https://registry.npmjs.org/typescript/-/typescript-5.9.3.tgz",
      "integrity": "sha512-jl1vZzPDinLr9eUt3J/t7V6FgNEw9QjvBPdysz9KfQDD41fQrC2Y4vKQdiaUpFT4bXlb1RHhLpp8wtm6M5TgSw==",
      "dev": true,
      "license": "Apache-2.0",
      "bin": {
        "tsc": "bin/tsc",
        "tsserver": "bin/tsserver"
      },
      "engines": {
        "node": ">=14.17"
      }
    }
  }
}
